
Microsoft Visual Studio Solution File, Format Version 12.00
# Visual Studio Version 16
VisualStudioVersion = 16.0.29411.108
MinimumVisualStudioVersion = 10.0.40219.1
Project("{FAE04EC0-301F-11D3-BF4B-00C04F79EFBC}") = "DVD_Projekt_Blue_dwa", "DVD_Projekt_Blue_dwa\DVD_Projekt_Blue_dwa.csproj", "{38BA6846-BD1A-4636-AA67-5025F95DF449}"
EndProject
Global
	GlobalSection(SolutionConfigurationPlatforms) = preSolution
		Debug|Any CPU = Debug|Any CPU
		Release|Any CPU = Release|Any CPU
	EndGlobalSection
	GlobalSection(ProjectConfigurationPlatforms) = postSolution
		{38BA6846-BD1A-4636-AA67-5025F95DF449}.Debug|Any CPU.ActiveCfg = Debug|Any CPU
		{38BA6846-BD1A-4636-AA67-5025F95DF449}.Debug|Any CPU.Build.0 = Debug|Any CPU
		{38BA6846-BD1A-4636-AA67-5025F95DF449}.Release|Any CPU.ActiveCfg = Release|Any CPU
		{38BA6846-BD1A-4636-AA67-5025F95DF449}.Release|Any CPU.Build.0 = Release|Any CPU
	EndGlobalSection
	GlobalSection(SolutionProperties) = preSolution
		HideSolutionNode = FALSE
	EndGlobalSection
	GlobalSection(ExtensibilityGlobals) = postSolution
		SolutionGuid = {A6BCC38D-0CC0-45D5-A33C-4F393BCE73B8}
	EndGlobalSection
EndGlobal
